
Microsoft Visual Studio Solution File, Format Version 12.00
# Visual Studio Version 17
VisualStudioVersion = 17.0.32126.317
MinimumVisualStudioVersion = 10.0.40219.1
Project("{9A19103F-16F7-4668-BE54-9A1E7A4F7556}") = "LibraryProject.Domain", "LibraryProject.Domain\LibraryProject.Domain.csproj", "{CB19AD04-32B5-4CB0-AD46-D821A21F9D97}"
EndProject
Project("{9A19103F-16F7-4668-BE54-9A1E7A4F7556}") = "LibraryProject.Infrastructure", "LibraryProject.Infrastructure\LibraryProject.Infrastructure.csproj", "{D378CC81-2974-4A47-8554-8E0EC0B24A3E}"
EndProject
Project("{9A19103F-16F7-4668-BE54-9A1E7A4F7556}") = "LibraryProject.Business", "LibraryProject.Business\LibraryProject.Business.csproj", "{BBB11888-A08E-47C4-8545-A56F9D081DE5}"
EndProject
Project("{9A19103F-16F7-4668-BE54-9A1E7A4F7556}") = "LibraryProject.API", "LibraryProject.API\LibraryProject.API.csproj", "{D973ACB5-4CCC-41ED-B576-2E589902E125}"
EndProject
Project("{E53339B2-1760-4266-BCC7-CA923CBCF16C}") = "docker-compose", "docker-compose.dcproj", "{D2CB3658-814B-49D3-968B-8C6105A642CF}"
EndProject
Project("{9A19103F-16F7-4668-BE54-9A1E7A4F7556}") = "LibraryProject.Business.Dto", "LibraryProject.Business.Dto\LibraryProject.Business.Dto.csproj", "{CA65D7D2-4945-45D8-A7A2-C3CAF072B2B8}"
EndProject
Project("{9A19103F-16F7-4668-BE54-9A1E7A4F7556}") = "LibraryProject.API.Client", "LibraryProject.API.Client\LibraryProject.API.Client.csproj", "{6A446813-62B6-4CA9-9DAC-3B565F4D425C}"
EndProject
Project("{9A19103F-16F7-4668-BE54-9A1E7A4F7556}") = "LibraryProject.ClientUI", "LibraryProject.ClientUI\LibraryProject.ClientUI.csproj", "{CD2B2602-057A-4AE2-A782-08B4513F7BA7}"
EndProject
Global
	GlobalSection(SolutionConfigurationPlatforms) = preSolution
		Debug|Any CPU = Debug|Any CPU
		Release|Any CPU = Release|Any CPU
	EndGlobalSection
	GlobalSection(ProjectConfigurationPlatforms) = postSolution
		{CB19AD04-32B5-4CB0-AD46-D821A21F9D97}.Debug|Any CPU.ActiveCfg = Debug|Any CPU
		{CB19AD04-32B5-4CB0-AD46-D821A21F9D97}.Debug|Any CPU.Build.0 = Debug|Any CPU
		{CB19AD04-32B5-4CB0-AD46-D821A21F9D97}.Release|Any CPU.ActiveCfg = Release|Any CPU
		{CB19AD04-32B5-4CB0-AD46-D821A21F9D97}.Release|Any CPU.Build.0 = Release|Any CPU
		{D378CC81-2974-4A47-8554-8E0EC0B24A3E}.Debug|Any CPU.ActiveCfg = Debug|Any CPU
		{D378CC81-2974-4A47-8554-8E0EC0B24A3E}.Debug|Any CPU.Build.0 = Debug|Any CPU
		{D378CC81-2974-4A47-8554-8E0EC0B24A3E}.Release|Any CPU.ActiveCfg = Release|Any CPU
		{D378CC81-2974-4A47-8554-8E0EC0B24A3E}.Release|Any CPU.Build.0 = Release|Any CPU
		{BBB11888-A08E-47C4-8545-A56F9D081DE5}.Debug|Any CPU.ActiveCfg = Debug|Any CPU
		{BBB11888-A08E-47C4-8545-A56F9D081DE5}.Debug|Any CPU.Build.0 = Debug|Any CPU
		{BBB11888-A08E-47C4-8545-A56F9D081DE5}.Release|Any CPU.ActiveCfg = Release|Any CPU
		{BBB11888-A08E-47C4-8545-A56F9D081DE5}.Release|Any CPU.Build.0 = Release|Any CPU
		{D973ACB5-4CCC-41ED-B576-2E589902E125}.Debug|Any CPU.ActiveCfg = Debug|Any CPU
		{D973ACB5-4CCC-41ED-B576-2E589902E125}.Debug|Any CPU.Build.0 = Debug|Any CPU
		{D973ACB5-4CCC-41ED-B576-2E589902E125}.Release|Any CPU.ActiveCfg = Release|Any CPU
		{D973ACB5-4CCC-41ED-B576-2E589902E125}.Release|Any CPU.Build.0 = Release|Any CPU
		{D2CB3658-814B-49D3-968B-8C6105A642CF}.Debug|Any CPU.ActiveCfg = Debug|Any CPU
		{D2CB3658-814B-49D3-968B-8C6105A642CF}.Debug|Any CPU.Build.0 = Debug|Any CPU
		{D2CB3658-814B-49D3-968B-8C6105A642CF}.Release|Any CPU.ActiveCfg = Release|Any CPU
		{D2CB3658-814B-49D3-968B-8C6105A642CF}.Release|Any CPU.Build.0 = Release|Any CPU
		{CA65D7D2-4945-45D8-A7A2-C3CAF072B2B8}.Debug|Any CPU.ActiveCfg = Debug|Any CPU
		{CA65D7D2-4945-45D8-A7A2-C3CAF072B2B8}.Debug|Any CPU.Build.0 = Debug|Any CPU
		{CA65D7D2-4945-45D8-A7A2-C3CAF072B2B8}.Release|Any CPU.ActiveCfg = Release|Any CPU
		{CA65D7D2-4945-45D8-A7A2-C3CAF072B2B8}.Release|Any CPU.Build.0 = Release|Any CPU
		{6A446813-62B6-4CA9-9DAC-3B565F4D425C}.Debug|Any CPU.ActiveCfg = Debug|Any CPU
		{6A446813-62B6-4CA9-9DAC-3B565F4D425C}.Debug|Any CPU.Build.0 = Debug|Any CPU
		{6A446813-62B6-4CA9-9DAC-3B565F4D425C}.Release|Any CPU.ActiveCfg = Release|Any CPU
		{6A446813-62B6-4CA9-9DAC-3B565F4D425C}.Release|Any CPU.Build.0 = Release|Any CPU
		{CD2B2602-057A-4AE2-A782-08B4513F7BA7}.Debug|Any CPU.ActiveCfg = Debug|Any CPU
		{CD2B2602-057A-4AE2-A782-08B4513F7BA7}.Debug|Any CPU.Build.0 = Debug|Any CPU
		{CD2B2602-057A-4AE2-A782-08B4513F7BA7}.Release|Any CPU.ActiveCfg = Release|Any CPU
		{CD2B2602-057A-4AE2-A782-08B4513F7BA7}.Release|Any CPU.Build.0 = Release|Any CPU
	EndGlobalSection
	GlobalSection(SolutionProperties) = preSolution
		HideSolutionNode = FALSE
	EndGlobalSection
	GlobalSection(ExtensibilityGlobals) = postSolution
		SolutionGuid = {4E1B5DA1-EACD-4AA1-9C0C-EA8188E64761}
	EndGlobalSection
EndGlobal
